
Microsoft Visual Studio Solution File, Format Version 12.00
# Visual Studio Version 17
VisualStudioVersion = 17.9.34607.119
MinimumVisualStudioVersion = 10.0.40219.1
Project("{9A19103F-16F7-4668-BE54-9A1E7A4F7556}") = "CleanArchitecture.FrameworkAndDrivers", "CleanArchitecture.FrameworkAndDrivers.csproj", "{851DCC41-2A0B-4DF8-8C4F-298971659C67}"
EndProject
Global
	GlobalSection(SolutionConfigurationPlatforms) = preSolution
		Debug|Any CPU = Debug|Any CPU
		Release|Any CPU = Release|Any CPU
	EndGlobalSection
	GlobalSection(ProjectConfigurationPlatforms) = postSolution
		{851DCC41-2A0B-4DF8-8C4F-298971659C67}.Debug|Any CPU.ActiveCfg = Debug|Any CPU
		{851DCC41-2A0B-4DF8-8C4F-298971659C67}.Debug|Any CPU.Build.0 = Debug|Any CPU
		{851DCC41-2A0B-4DF8-8C4F-298971659C67}.Release|Any CPU.ActiveCfg = Release|Any CPU
		{851DCC41-2A0B-4DF8-8C4F-298971659C67}.Release|Any CPU.Build.0 = Release|Any CPU
	EndGlobalSection
	GlobalSection(SolutionProperties) = preSolution
		HideSolutionNode = FALSE
	EndGlobalSection
	GlobalSection(ExtensibilityGlobals) = postSolution
		SolutionGuid = {C5A73A8A-8694-44EE-A2C8-22D215E6E86A}
	EndGlobalSection
EndGlobal
